PODS:
  - Alamofire (4.9.1)
  - AmazonS3RequestManager (1.2.0):
    - Alamofire (~> 4.5)
    - SWXMLHash (~> 4.2)
  - Nimble (8.0.4)
  - Nocilla (0.11.0)
  - Quick (2.2.0)
  - SWXMLHash (4.9.0)

DEPENDENCIES:
  - AmazonS3RequestManager (from `../`)
  - Nimble
  - Nocilla (~> 0.10)
  - Quick

SPEC REPOS:
  https://github.com/CocoaPods/Specs.git:
    - Alamofire
    - Nimble
    - Nocilla
    - Quick
    - SWXMLHash

EXTERNAL SOURCES:
  AmazonS3RequestManager:
    :path: "../"

SPEC CHECKSUMS:
  Alamofire: 85e8a02c69d6020a0d734f6054870d7ecb75cf18
  AmazonS3RequestManager: 7af93761f837f61978391e462b0fd4ee6af0294a
  Nimble: 18d5360282923225d62b09d781f63abc1a0111fc
  Nocilla: 7af7a386071150cc8aa5da4da97d060f049dd61c
  Quick: 7fb19e13be07b5dfb3b90d4f9824c855a11af40e
  SWXMLHash: 87b0006848a548b7f9485b40bc71721b3ae39add

PODFILE CHECKSUM: 0dffb458cb24f55050d3a43f3619670a81cf3bfe

COCOAPODS: 1.8.4
